{
  "name": "bot-max",
  "version": "1.0.0",
  "lockfileVersion": 3,
  "requires": true,
  "packages": {
    "": {
      "name": "bot-max",
      "version": "1.0.0",
      "dependencies": {
        "@maxhub/max-bot-api": "^0.2.2",
        "dotenv": "^17.4.2"
      }
    },
    "node_modules/@maxhub/max-bot-api": {
      "version": "0.2.2",
      "resolved": "https://registry.npmjs.org/@maxhub/max-bot-api/-/max-bot-api-0.2.2.tgz",
      "integrity": "sha512-Su3Ar7L+lsOctu7V5+me+eh+84l909ka3LtlPVuBbSz1fygk5L/F45HQp1vaUGg9sRpQ6/qoyKg6HJgemnX3mg==",
      "license": "MIT",
      "dependencies": {
        "debug": "^4.3.7",
        "vcf": "^2.1.2"
      },
      "engines": {
        "node": ">=18.18.0"
      }
    },
    "node_modules/camelcase": {
      "version": "5.3.1",
      "resolved": "https://registry.npmjs.org/camelcase/-/camelcase-5.3.1.tgz",
      "integrity": "sha512-L28STB170nwWS63UjtlEOE3dldQApaJXZkOI1uMFfzf3rRuPegHaHesyee+YxQ+W6SvRDQV6UrdOdRiR153wJg==",
      "license": "MIT",
      "engines": {
        "node": ">=6"
      }
    },
    "node_modules/debug": {
      "version": "4.4.3",
      "resolved": "https://registry.npmjs.org/debug/-/debug-4.4.3.tgz",
      "integrity": "sha512-RGwwWnwQvkVfavKVt22FGLw+xYSdzARwm0ru6DhTVA3umU5hZc28V3kO4stgYryrTlLpuvgI9GiijltAjNbcqA==",
      "license": "MIT",
      "dependencies": {
        "ms": "^2.1.3"
      },
      "engines": {
        "node": ">=6.0"
      },
      "peerDependenciesMeta": {
        "supports-color": {
          "optional": true
        }
      }
    },
    "node_modules/dotenv": {
      "version": "17.4.2",
      "resolved": "https://registry.npmjs.org/dotenv/-/dotenv-17.4.2.tgz",
      "integrity": "sha512-nI4U3TottKAcAD9LLud4Cb7b2QztQMUEfHbvhTH09bqXTxnSie8WnjPALV/WMCrJZ6UV/qHJ6L03OqO3LcdYZw==",
      "license": "BSD-2-Clause",
      "engines": {
        "node": ">=12"
      },
      "funding": {
        "url": "https://dotenvx.com"
      }
    },
    "node_modules/foldline": {
      "version": "1.1.0",
      "resolved": "https://registry.npmjs.org/foldline/-/foldline-1.1.0.tgz",
      "integrity": "sha512-9SheyADS50hjvFYjFJ3OB/GlDz2mD1T2CHd7auIk4Uto5YYWPBcw8iYo3F+gENJ+/SOeH9tT0loHZSqlUlumTA==",
      "license": "MIT"
    },
    "node_modules/ms": {
      "version": "2.1.3",
      "resolved": "https://registry.npmjs.org/ms/-/ms-2.1.3.tgz",
      "integrity": "sha512-6FlzubTLZG3J2a/NVCAleEhjzq5oxgHyaCU9yYXvcLsvoVaHJq/s5xXI6/XXP6tz7R9xAOtHnSO/tXtF3WRTlA==",
      "license": "MIT"
    },
    "node_modules/vcf": {
      "version": "2.1.2",
      "resolved": "https://registry.npmjs.org/vcf/-/vcf-2.1.2.tgz",
      "integrity": "sha512-oLYtZ+GJPjpKS950fw70+HavdP7ZO2Q+xMCMeCyiUKuXkJJJG1/wUjCKTagPryS1gApYjZOWW/khmdLsch8jxg==",
      "license": "MIT",
      "dependencies": {
        "camelcase": "^5.0.0",
        "foldline": "^1.1.0"
      }
    }
  }
}
